Microsoft Visual Studio Solution File, Format Version 12.00
# Visual Studio Version 17
VisualStudioVersion = 17.0.31903.59
MinimumVisualStudioVersion = 10.0.40219.1
Project("{FAE04EC0-301F-11D3-BF4B-00C04F79EFBC}") = "XtermSharp", "src\XtermSharp\XtermSharp.csproj", "{DC386387-1512-41B8-B25F-E863CF6BFA5B}"
EndProject
Project("{FAE04EC0-301F-11D3-BF4B-00C04F79EFBC}") = "XtermSharp.Addons.WebLinks", "src\XtermSharp.Addons.WebLinks\XtermSharp.Addons.WebLinks.csproj", "{E57388F4-F285-47EF-86F0-0D6940C16A87}"
EndProject
Project("{FAE04EC0-301F-11D3-BF4B-00C04F79EFBC}") = "XtermSharp.Addons.Search", "src\XtermSharp.Addons.Search\XtermSharp.Addons.Search.csproj", "{A3B12DA7-4E50-46EF-AB59-0AA91E2B7F31}"
EndProject
Project("{FAE04EC0-301F-11D3-BF4B-00C04F79EFBC}") = "XtermSharp.Addons.Progress", "src\XtermSharp.Addons.Progress\XtermSharp.Addons.Progress.csproj", "{CEF1E7C8-0DD2-483B-BE76-76B5F742FD18}"
EndProject
Project("{FAE04EC0-301F-11D3-BF4B-00C04F79EFBC}") = "XtermSharp.Addons.Clipboard", "src\XtermSharp.Addons.Clipboard\XtermSharp.Addons.Clipboard.csproj", "{D123EDB2-585E-43F0-9299-BAEFE6BC8A7C}"
EndProject
Project("{FAE04EC0-301F-11D3-BF4B-00C04F79EFBC}") = "XtermSharp.Rendering", "src\XtermSharp.Rendering\XtermSharp.Rendering.csproj", "{8D1F7B90-2C05-4ED5-B50A-D06F4026C253}"
EndProject
Project("{FAE04EC0-301F-11D3-BF4B-00C04F79EFBC}") = "XtermSharp.Rendering.Skia", "src\XtermSharp.Rendering.Skia\XtermSharp.Rendering.Skia.csproj", "{90F13B8D-1DBC-43D7-97CD-3C859C03A0F5}"
EndProject
Project("{FAE04EC0-301F-11D3-BF4B-00C04F79EFBC}") = "XtermSharp.Avalonia", "src\XtermSharp.Avalonia\XtermSharp.Avalonia.csproj", "{B4B07514-F3FF-4BA5-BD57-7B0CA322C289}"
EndProject
Project("{FAE04EC0-301F-11D3-BF4B-00C04F79EFBC}") = "XtermSharp.Maui", "src\XtermSharp.Maui\XtermSharp.Maui.csproj", "{5F0A6EA1-11C8-42BB-BF4D-C7D19921E1D0}"
EndProject
Project("{FAE04EC0-301F-11D3-BF4B-00C04F79EFBC}") = "XtermSharp.WinForms", "src\XtermSharp.WinForms\XtermSharp.WinForms.csproj", "{65E4FA12-4144-4090-9FA2-5DB113ADFFC5}"
EndProject
Project("{FAE04EC0-301F-11D3-BF4B-00C04F79EFBC}") = "XtermSharp.Tests", "tests\XtermSharp.Tests\XtermSharp.Tests.csproj", "{AEFE31DC-C8A0-4451-AC76-988683E115F5}"
EndProject
Project("{FAE04EC0-301F-11D3-BF4B-00C04F79EFBC}") = "XtermSharp.TestSupport", "tests\XtermSharp.TestSupport\XtermSharp.TestSupport.csproj", "{9DD7C325-31D6-45A6-8F86-F3D251ED6EBB}"
EndProject
Project("{FAE04EC0-301F-11D3-BF4B-00C04F79EFBC}") = "XtermSharp.ReferenceTests", "tests\XtermSharp.ReferenceTests\XtermSharp.ReferenceTests.csproj", "{B5887E57-F006-4DAC-88E0-107EA005A59E}"
EndProject
Project("{FAE04EC0-301F-11D3-BF4B-00C04F79EFBC}") = "XtermSharp.Benchmarks", "benchmarks\XtermSharp.Benchmarks\XtermSharp.Benchmarks.csproj", "{90847F0D-0077-46A9-93C2-468C57335AA6}"
EndProject
Project("{FAE04EC0-301F-11D3-BF4B-00C04F79EFBC}") = "XtermSharp.Conformance", "tools\XtermSharp.Conformance\XtermSharp.Conformance.csproj", "{74F30185-9F77-4C74-BDA5-8FC93B13E1A9}"
EndProject
Project("{FAE04EC0-301F-11D3-BF4B-00C04F79EFBC}") = "XtermSharp.TestMap", "tools\XtermSharp.TestMap\XtermSharp.TestMap.csproj", "{E3A776FA-C173-464A-92D4-446F14A09479}"
EndProject
Project("{FAE04EC0-301F-11D3-BF4B-00C04F79EFBC}") = "XtermSharp.Rendering.Tests", "tests\XtermSharp.Rendering.Tests\XtermSharp.Rendering.Tests.csproj", "{1C1E9EFB-B983-4BD7-B3F4-A7AA2623E9F3}"
EndProject
Project("{FAE04EC0-301F-11D3-BF4B-00C04F79EFBC}") = "XtermSharp.Rendering.Skia.Tests", "tests\XtermSharp.Rendering.Skia.Tests\XtermSharp.Rendering.Skia.Tests.csproj", "{287C9A3A-5A48-4AD5-BF49-BA61A10BA4B4}"
EndProject
Project("{FAE04EC0-301F-11D3-BF4B-00C04F79EFBC}") = "XtermSharp.Avalonia.Tests", "tests\XtermSharp.Avalonia.Tests\XtermSharp.Avalonia.Tests.csproj", "{C97F5C15-61F1-468B-AA57-7CA08D6333CB}"
EndProject
Project("{FAE04EC0-301F-11D3-BF4B-00C04F79EFBC}") = "XtermSharp.Maui.Tests", "tests\XtermSharp.Maui.Tests\XtermSharp.Maui.Tests.csproj", "{25188E5D-B7C5-42B3-8374-0263B1F1BC3A}"
EndProject
Project("{FAE04EC0-301F-11D3-BF4B-00C04F79EFBC}") = "XtermSharp.WinForms.Tests", "tests\XtermSharp.WinForms.Tests\XtermSharp.WinForms.Tests.csproj", "{61887638-A322-402A-8DA3-CD91E838107C}"
EndProject
Project("{FAE04EC0-301F-11D3-BF4B-00C04F79EFBC}") = "XtermSharp.Addons.WebLinks.Tests", "tests\XtermSharp.Addons.WebLinks.Tests\XtermSharp.Addons.WebLinks.Tests.csproj", "{674B1E84-9822-4A00-A45B-40941483A372}"
EndProject
Project("{FAE04EC0-301F-11D3-BF4B-00C04F79EFBC}") = "XtermSharp.Addons.Search.Tests", "tests\XtermSharp.Addons.Search.Tests\XtermSharp.Addons.Search.Tests.csproj", "{6C809B9C-8A45-48B1-A1F8-334A1E05D30C}"
EndProject
Project("{FAE04EC0-301F-11D3-BF4B-00C04F79EFBC}") = "XtermSharp.Addons.Progress.Tests", "tests\XtermSharp.Addons.Progress.Tests\XtermSharp.Addons.Progress.Tests.csproj", "{473EE3F0-995B-4ED6-9F2B-AA74D1E20451}"
EndProject
Project("{FAE04EC0-301F-11D3-BF4B-00C04F79EFBC}") = "XtermSharp.Addons.Clipboard.Tests", "tests\XtermSharp.Addons.Clipboard.Tests\XtermSharp.Addons.Clipboard.Tests.csproj", "{300BDEC0-AC79-40EF-B494-BDF4888A03D5}"
EndProject
Project("{FAE04EC0-301F-11D3-BF4B-00C04F79EFBC}") = "XtermSharp.Avalonia.Demo", "samples\XtermSharp.Avalonia.Demo\XtermSharp.Avalonia.Demo.csproj", "{4D5F8311-97A6-455B-AC40-CD7B8ACFE9E3}"
EndProject
Project("{FAE04EC0-301F-11D3-BF4B-00C04F79EFBC}") = "XtermSharp.Avalonia.Demo.SSH", "samples\XtermSharp.Avalonia.Demo.SSH\XtermSharp.Avalonia.Demo.SSH.csproj", "{F020D1D2-3315-4AF5-8F79-0AC775DE4781}"
EndProject
Project("{FAE04EC0-301F-11D3-BF4B-00C04F79EFBC}") = "XtermSharp.Maui.Demo.SSH.Core", "samples\XtermSharp.Maui.Demo.SSH\XtermSharp.Maui.Demo.SSH.Core.csproj", "{6B321DC8-913D-4BA7-A4C9-0A05BAFD6934}"
EndProject
Project("{FAE04EC0-301F-11D3-BF4B-00C04F79EFBC}") = "XtermSharp.Maui.Demo.SSH", "samples\XtermSharp.Maui.Demo.SSH\XtermSharp.Maui.Demo.SSH.csproj", "{7EFEA409-91C8-4CDE-AA18-D76FEA606742}"
EndProject
Project("{FAE04EC0-301F-11D3-BF4B-00C04F79EFBC}") = "XtermSharp.WinForms.Demo.SSH", "samples\XtermSharp.WinForms.Demo.SSH\XtermSharp.WinForms.Demo.SSH.csproj", "{316EE096-A85D-442A-80EA-0EFC3CDB2895}"
EndProject
Project("{FAE04EC0-301F-11D3-BF4B-00C04F79EFBC}") = "XtermSharp.Wpf", "src\XtermSharp.Wpf\XtermSharp.Wpf.csproj", "{32C1641F-801A-4DEE-9B89-DD3ED7DC9989}"
EndProject
Project("{FAE04EC0-301F-11D3-BF4B-00C04F79EFBC}") = "XtermSharp.Wpf.Tests", "tests\XtermSharp.Wpf.Tests\XtermSharp.Wpf.Tests.csproj", "{D360461C-0F9D-4AA0-907B-93561BCEEF8B}"
EndProject
Project("{FAE04EC0-301F-11D3-BF4B-00C04F79EFBC}") = "XtermSharp.Wpf.Demo.SSH", "samples\XtermSharp.Wpf.Demo.SSH\XtermSharp.Wpf.Demo.SSH.csproj", "{EAD660D5-3ECE-4923-A5B9-A7B513BF56BC}"
EndProject
Project("{FAE04EC0-301F-11D3-BF4B-00C04F79EFBC}") = "XtermSharp.WinUI", "src\XtermSharp.WinUI\XtermSharp.WinUI.csproj", "{31DB482E-6659-4749-8BDA-B65AE5BE407B}"
EndProject
Project("{FAE04EC0-301F-11D3-BF4B-00C04F79EFBC}") = "XtermSharp.WinUI.Tests", "tests\XtermSharp.WinUI.Tests\XtermSharp.WinUI.Tests.csproj", "{6EC207D2-43E7-4134-B119-5E3DD7E96E7C}"
EndProject
Project("{FAE04EC0-301F-11D3-BF4B-00C04F79EFBC}") = "XtermSharp.WinUI.Demo.SSH", "samples\XtermSharp.WinUI.Demo.SSH\XtermSharp.WinUI.Demo.SSH.csproj", "{DBAA0F37-ABD6-49DF-9EFB-274956154968}"
EndProject
Project("{2150E333-8FDC-42A3-9474-1A3956D46DE8}") = "src", "src", "{827E0CD3-B72D-47B6-A68D-7590B98EB39B}"
EndProject
Project("{2150E333-8FDC-42A3-9474-1A3956D46DE8}") = "Core", "src\Core", "{568E2400-ADF1-47A8-8575-4DB7907F54BD}"
EndProject
Project("{2150E333-8FDC-42A3-9474-1A3956D46DE8}") = "Addons", "src\Addons", "{09A99DBB-CAFB-4F94-BEFB-E150E92E120D}"
EndProject
Project("{2150E333-8FDC-42A3-9474-1A3956D46DE8}") = "Rendering", "src\Rendering", "{778E4DA3-4664-49DA-BBF9-4B7E4023A082}"
EndProject
Project("{2150E333-8FDC-42A3-9474-1A3956D46DE8}") = "Platforms", "src\Platforms", "{BA77B056-4F85-4507-925F-29EAB3C032EF}"
EndProject
Project("{2150E333-8FDC-42A3-9474-1A3956D46DE8}") = "tests", "tests", "{0AB3BF05-4346-4AA6-1389-037BE0695223}"
EndProject
Project("{2150E333-8FDC-42A3-9474-1A3956D46DE8}") = "Core", "tests\Core", "{1468E079-CAC6-41A4-8087-AF44F50D2625}"
EndProject
Project("{2150E333-8FDC-42A3-9474-1A3956D46DE8}") = "Addons", "tests\Addons", "{9A86C271-0490-40D7-8DF2-4390072D0E0D}"
EndProject
Project("{2150E333-8FDC-42A3-9474-1A3956D46DE8}") = "Rendering", "tests\Rendering", "{3C4D4B74-813D-45A7-BBC3-2D3BA37122F0}"
EndProject
Project("{2150E333-8FDC-42A3-9474-1A3956D46DE8}") = "Platforms", "tests\Platforms", "{48A6EF48-A6D8-4E30-BDF5-684789986692}"
EndProject
Project("{2150E333-8FDC-42A3-9474-1A3956D46DE8}") = "samples", "samples", "{5D20AA90-6969-D8BD-9DCD-8634F4692FDA}"
EndProject
Project("{2150E333-8FDC-42A3-9474-1A3956D46DE8}") = "Avalonia", "samples\Avalonia", "{D875AA87-CBCD-4DDA-A052-1FDDF0A6FC87}"
EndProject
Project("{2150E333-8FDC-42A3-9474-1A3956D46DE8}") = "MAUI", "samples\MAUI", "{3F8C4DB7-72FD-48B0-BF06-3C1F0DE65078}"
EndProject
Project("{2150E333-8FDC-42A3-9474-1A3956D46DE8}") = "WinForms", "samples\WinForms", "{151A36B4-3894-46AE-9D4D-4F69C33BEE04}"
EndProject
Project("{2150E333-8FDC-42A3-9474-1A3956D46DE8}") = "WPF", "samples\WPF", "{53223E74-ACD4-44B7-A66B-90FDA0A5B8ED}"
EndProject
Project("{2150E333-8FDC-42A3-9474-1A3956D46DE8}") = "WinUI", "samples\WinUI", "{422303E4-1BAB-4CE3-96E5-E7B645AF796B}"
EndProject
Project("{2150E333-8FDC-42A3-9474-1A3956D46DE8}") = "benchmarks", "benchmarks", "{A5F6C769-4DA4-486B-930B-6CB878C2B6B1}"
EndProject
Project("{2150E333-8FDC-42A3-9474-1A3956D46DE8}") = "tools", "tools", "{B9AB4C6D-2A28-4FB4-8C8A-50A8E7D9944E}"
EndProject
Global
	GlobalSection(SolutionConfigurationPlatforms) = preSolution
		Debug|Any CPU = Debug|Any CPU
		Debug|x64 = Debug|x64
		Debug|x86 = Debug|x86
		Release|Any CPU = Release|Any CPU
		Release|x64 = Release|x64
		Release|x86 = Release|x86
	EndGlobalSection
	GlobalSection(ProjectConfigurationPlatforms) = postSolution
		{DC386387-1512-41B8-B25F-E863CF6BFA5B}.Debug|Any CPU.ActiveCfg = Debug|Any CPU
		{DC386387-1512-41B8-B25F-E863CF6BFA5B}.Debug|Any CPU.Build.0 = Debug|Any CPU
		{DC386387-1512-41B8-B25F-E863CF6BFA5B}.Debug|x64.ActiveCfg = Debug|Any CPU
		{DC386387-1512-41B8-B25F-E863CF6BFA5B}.Debug|x64.Build.0 = Debug|Any CPU
		{DC386387-1512-41B8-B25F-E863CF6BFA5B}.Debug|x86.ActiveCfg = Debug|Any CPU
		{DC386387-1512-41B8-B25F-E863CF6BFA5B}.Debug|x86.Build.0 = Debug|Any CPU
		{DC386387-1512-41B8-B25F-E863CF6BFA5B}.Release|Any CPU.ActiveCfg = Release|Any CPU
		{DC386387-1512-41B8-B25F-E863CF6BFA5B}.Release|Any CPU.Build.0 = Release|Any CPU
		{DC386387-1512-41B8-B25F-E863CF6BFA5B}.Release|x64.ActiveCfg = Release|Any CPU
		{DC386387-1512-41B8-B25F-E863CF6BFA5B}.Release|x64.Build.0 = Release|Any CPU
		{DC386387-1512-41B8-B25F-E863CF6BFA5B}.Release|x86.ActiveCfg = Release|Any CPU
		{DC386387-1512-41B8-B25F-E863CF6BFA5B}.Release|x86.Build.0 = Release|Any CPU
		{E57388F4-F285-47EF-86F0-0D6940C16A87}.Debug|Any CPU.ActiveCfg = Debug|Any CPU
		{E57388F4-F285-47EF-86F0-0D6940C16A87}.Debug|Any CPU.Build.0 = Debug|Any CPU
		{E57388F4-F285-47EF-86F0-0D6940C16A87}.Debug|x64.ActiveCfg = Debug|Any CPU
		{E57388F4-F285-47EF-86F0-0D6940C16A87}.Debug|x64.Build.0 = Debug|Any CPU
		{E57388F4-F285-47EF-86F0-0D6940C16A87}.Debug|x86.ActiveCfg = Debug|Any CPU
		{E57388F4-F285-47EF-86F0-0D6940C16A87}.Debug|x86.Build.0 = Debug|Any CPU
		{E57388F4-F285-47EF-86F0-0D6940C16A87}.Release|Any CPU.ActiveCfg = Release|Any CPU
		{E57388F4-F285-47EF-86F0-0D6940C16A87}.Release|Any CPU.Build.0 = Release|Any CPU
		{E57388F4-F285-47EF-86F0-0D6940C16A87}.Release|x64.ActiveCfg = Release|Any CPU
		{E57388F4-F285-47EF-86F0-0D6940C16A87}.Release|x64.Build.0 = Release|Any CPU
		{E57388F4-F285-47EF-86F0-0D6940C16A87}.Release|x86.ActiveCfg = Release|Any CPU
		{E57388F4-F285-47EF-86F0-0D6940C16A87}.Release|x86.Build.0 = Release|Any CPU
		{A3B12DA7-4E50-46EF-AB59-0AA91E2B7F31}.Debug|Any CPU.ActiveCfg = Debug|Any CPU
		{A3B12DA7-4E50-46EF-AB59-0AA91E2B7F31}.Debug|Any CPU.Build.0 = Debug|Any CPU
		{A3B12DA7-4E50-46EF-AB59-0AA91E2B7F31}.Debug|x64.ActiveCfg = Debug|Any CPU
		{A3B12DA7-4E50-46EF-AB59-0AA91E2B7F31}.Debug|x64.Build.0 = Debug|Any CPU
		{A3B12DA7-4E50-46EF-AB59-0AA91E2B7F31}.Debug|x86.ActiveCfg = Debug|Any CPU
		{A3B12DA7-4E50-46EF-AB59-0AA91E2B7F31}.Debug|x86.Build.0 = Debug|Any CPU
		{A3B12DA7-4E50-46EF-AB59-0AA91E2B7F31}.Release|Any CPU.ActiveCfg = Release|Any CPU
		{A3B12DA7-4E50-46EF-AB59-0AA91E2B7F31}.Release|Any CPU.Build.0 = Release|Any CPU
		{5F0A6EA1-11C8-42BB-BF4D-C7D19921E1D0}.Debug|Any CPU.ActiveCfg = Debug|Any CPU
		{5F0A6EA1-11C8-42BB-BF4D-C7D19921E1D0}.Debug|Any CPU.Build.0 = Debug|Any CPU
		{5F0A6EA1-11C8-42BB-BF4D-C7D19921E1D0}.Debug|x64.ActiveCfg = Debug|Any CPU
		{5F0A6EA1-11C8-42BB-BF4D-C7D19921E1D0}.Debug|x64.Build.0 = Debug|Any CPU
		{5F0A6EA1-11C8-42BB-BF4D-C7D19921E1D0}.Debug|x86.ActiveCfg = Debug|Any CPU
		{5F0A6EA1-11C8-42BB-BF4D-C7D19921E1D0}.Debug|x86.Build.0 = Debug|Any CPU
		{5F0A6EA1-11C8-42BB-BF4D-C7D19921E1D0}.Release|Any CPU.ActiveCfg = Release|Any CPU
		{5F0A6EA1-11C8-42BB-BF4D-C7D19921E1D0}.Release|Any CPU.Build.0 = Release|Any CPU
		{5F0A6EA1-11C8-42BB-BF4D-C7D19921E1D0}.Release|x64.ActiveCfg = Release|Any CPU
		{5F0A6EA1-11C8-42BB-BF4D-C7D19921E1D0}.Release|x64.Build.0 = Release|Any CPU
		{5F0A6EA1-11C8-42BB-BF4D-C7D19921E1D0}.Release|x86.ActiveCfg = Release|Any CPU
		{5F0A6EA1-11C8-42BB-BF4D-C7D19921E1D0}.Release|x86.Build.0 = Release|Any CPU
		{25188E5D-B7C5-42B3-8374-0263B1F1BC3A}.Debug|Any CPU.ActiveCfg = Debug|Any CPU
		{25188E5D-B7C5-42B3-8374-0263B1F1BC3A}.Debug|Any CPU.Build.0 = Debug|Any CPU
		{25188E5D-B7C5-42B3-8374-0263B1F1BC3A}.Debug|x64.ActiveCfg = Debug|Any CPU
		{25188E5D-B7C5-42B3-8374-0263B1F1BC3A}.Debug|x64.Build.0 = Debug|Any CPU
		{25188E5D-B7C5-42B3-8374-0263B1F1BC3A}.Debug|x86.ActiveCfg = Debug|Any CPU
		{25188E5D-B7C5-42B3-8374-0263B1F1BC3A}.Debug|x86.Build.0 = Debug|Any CPU
		{25188E5D-B7C5-42B3-8374-0263B1F1BC3A}.Release|Any CPU.ActiveCfg = Release|Any CPU
		{25188E5D-B7C5-42B3-8374-0263B1F1BC3A}.Release|Any CPU.Build.0 = Release|Any CPU
		{25188E5D-B7C5-42B3-8374-0263B1F1BC3A}.Release|x64.ActiveCfg = Release|Any CPU
		{25188E5D-B7C5-42B3-8374-0263B1F1BC3A}.Release|x64.Build.0 = Release|Any CPU
		{25188E5D-B7C5-42B3-8374-0263B1F1BC3A}.Release|x86.ActiveCfg = Release|Any CPU
		{25188E5D-B7C5-42B3-8374-0263B1F1BC3A}.Release|x86.Build.0 = Release|Any CPU
		{6B321DC8-913D-4BA7-A4C9-0A05BAFD6934}.Debug|Any CPU.ActiveCfg = Debug|Any CPU
		{6B321DC8-913D-4BA7-A4C9-0A05BAFD6934}.Debug|Any CPU.Build.0 = Debug|Any CPU
		{6B321DC8-913D-4BA7-A4C9-0A05BAFD6934}.Debug|x64.ActiveCfg = Debug|Any CPU
		{6B321DC8-913D-4BA7-A4C9-0A05BAFD6934}.Debug|x64.Build.0 = Debug|Any CPU
		{6B321DC8-913D-4BA7-A4C9-0A05BAFD6934}.Debug|x86.ActiveCfg = Debug|Any CPU
		{6B321DC8-913D-4BA7-A4C9-0A05BAFD6934}.Debug|x86.Build.0 = Debug|Any CPU
		{6B321DC8-913D-4BA7-A4C9-0A05BAFD6934}.Release|Any CPU.ActiveCfg = Release|Any CPU
		{6B321DC8-913D-4BA7-A4C9-0A05BAFD6934}.Release|Any CPU.Build.0 = Release|Any CPU
		{6B321DC8-913D-4BA7-A4C9-0A05BAFD6934}.Release|x64.ActiveCfg = Release|Any CPU
		{6B321DC8-913D-4BA7-A4C9-0A05BAFD6934}.Release|x64.Build.0 = Release|Any CPU
		{6B321DC8-913D-4BA7-A4C9-0A05BAFD6934}.Release|x86.ActiveCfg = Release|Any CPU
		{6B321DC8-913D-4BA7-A4C9-0A05BAFD6934}.Release|x86.Build.0 = Release|Any CPU
		{7EFEA409-91C8-4CDE-AA18-D76FEA606742}.Debug|Any CPU.ActiveCfg = Debug|Any CPU
		{7EFEA409-91C8-4CDE-AA18-D76FEA606742}.Debug|Any CPU.Build.0 = Debug|Any CPU
		{7EFEA409-91C8-4CDE-AA18-D76FEA606742}.Debug|x64.ActiveCfg = Debug|Any CPU
		{7EFEA409-91C8-4CDE-AA18-D76FEA606742}.Debug|x64.Build.0 = Debug|Any CPU
		{7EFEA409-91C8-4CDE-AA18-D76FEA606742}.Debug|x86.ActiveCfg = Debug|Any CPU
		{7EFEA409-91C8-4CDE-AA18-D76FEA606742}.Debug|x86.Build.0 = Debug|Any CPU
		{7EFEA409-91C8-4CDE-AA18-D76FEA606742}.Release|Any CPU.ActiveCfg = Release|Any CPU
		{7EFEA409-91C8-4CDE-AA18-D76FEA606742}.Release|Any CPU.Build.0 = Release|Any CPU
		{7EFEA409-91C8-4CDE-AA18-D76FEA606742}.Release|x64.ActiveCfg = Release|Any CPU
		{7EFEA409-91C8-4CDE-AA18-D76FEA606742}.Release|x64.Build.0 = Release|Any CPU
		{7EFEA409-91C8-4CDE-AA18-D76FEA606742}.Release|x86.ActiveCfg = Release|Any CPU
		{7EFEA409-91C8-4CDE-AA18-D76FEA606742}.Release|x86.Build.0 = Release|Any CPU
		{A3B12DA7-4E50-46EF-AB59-0AA91E2B7F31}.Release|x64.ActiveCfg = Release|Any CPU
		{A3B12DA7-4E50-46EF-AB59-0AA91E2B7F31}.Release|x64.Build.0 = Release|Any CPU
		{A3B12DA7-4E50-46EF-AB59-0AA91E2B7F31}.Release|x86.ActiveCfg = Release|Any CPU
		{A3B12DA7-4E50-46EF-AB59-0AA91E2B7F31}.Release|x86.Build.0 = Release|Any CPU
		{CEF1E7C8-0DD2-483B-BE76-76B5F742FD18}.Debug|Any CPU.ActiveCfg = Debug|Any CPU
		{CEF1E7C8-0DD2-483B-BE76-76B5F742FD18}.Debug|Any CPU.Build.0 = Debug|Any CPU
		{CEF1E7C8-0DD2-483B-BE76-76B5F742FD18}.Debug|x64.ActiveCfg = Debug|Any CPU
		{CEF1E7C8-0DD2-483B-BE76-76B5F742FD18}.Debug|x64.Build.0 = Debug|Any CPU
		{CEF1E7C8-0DD2-483B-BE76-76B5F742FD18}.Debug|x86.ActiveCfg = Debug|Any CPU
		{CEF1E7C8-0DD2-483B-BE76-76B5F742FD18}.Debug|x86.Build.0 = Debug|Any CPU
		{CEF1E7C8-0DD2-483B-BE76-76B5F742FD18}.Release|Any CPU.ActiveCfg = Release|Any CPU
		{CEF1E7C8-0DD2-483B-BE76-76B5F742FD18}.Release|Any CPU.Build.0 = Release|Any CPU
		{CEF1E7C8-0DD2-483B-BE76-76B5F742FD18}.Release|x64.ActiveCfg = Release|Any CPU
		{CEF1E7C8-0DD2-483B-BE76-76B5F742FD18}.Release|x64.Build.0 = Release|Any CPU
		{CEF1E7C8-0DD2-483B-BE76-76B5F742FD18}.Release|x86.ActiveCfg = Release|Any CPU
		{CEF1E7C8-0DD2-483B-BE76-76B5F742FD18}.Release|x86.Build.0 = Release|Any CPU
		{D123EDB2-585E-43F0-9299-BAEFE6BC8A7C}.Debug|Any CPU.ActiveCfg = Debug|Any CPU
		{D123EDB2-585E-43F0-9299-BAEFE6BC8A7C}.Debug|Any CPU.Build.0 = Debug|Any CPU
		{D123EDB2-585E-43F0-9299-BAEFE6BC8A7C}.Debug|x64.ActiveCfg = Debug|Any CPU
		{D123EDB2-585E-43F0-9299-BAEFE6BC8A7C}.Debug|x64.Build.0 = Debug|Any CPU
		{D123EDB2-585E-43F0-9299-BAEFE6BC8A7C}.Debug|x86.ActiveCfg = Debug|Any CPU
		{D123EDB2-585E-43F0-9299-BAEFE6BC8A7C}.Debug|x86.Build.0 = Debug|Any CPU
		{D123EDB2-585E-43F0-9299-BAEFE6BC8A7C}.Release|Any CPU.ActiveCfg = Release|Any CPU
		{D123EDB2-585E-43F0-9299-BAEFE6BC8A7C}.Release|Any CPU.Build.0 = Release|Any CPU
		{D123EDB2-585E-43F0-9299-BAEFE6BC8A7C}.Release|x64.ActiveCfg = Release|Any CPU
		{D123EDB2-585E-43F0-9299-BAEFE6BC8A7C}.Release|x64.Build.0 = Release|Any CPU
		{D123EDB2-585E-43F0-9299-BAEFE6BC8A7C}.Release|x86.ActiveCfg = Release|Any CPU
		{D123EDB2-585E-43F0-9299-BAEFE6BC8A7C}.Release|x86.Build.0 = Release|Any CPU
		{8D1F7B90-2C05-4ED5-B50A-D06F4026C253}.Debug|Any CPU.ActiveCfg = Debug|Any CPU
		{8D1F7B90-2C05-4ED5-B50A-D06F4026C253}.Debug|Any CPU.Build.0 = Debug|Any CPU
		{8D1F7B90-2C05-4ED5-B50A-D06F4026C253}.Debug|x64.ActiveCfg = Debug|Any CPU
		{8D1F7B90-2C05-4ED5-B50A-D06F4026C253}.Debug|x64.Build.0 = Debug|Any CPU
		{8D1F7B90-2C05-4ED5-B50A-D06F4026C253}.Debug|x86.ActiveCfg = Debug|Any CPU
		{8D1F7B90-2C05-4ED5-B50A-D06F4026C253}.Debug|x86.Build.0 = Debug|Any CPU
		{8D1F7B90-2C05-4ED5-B50A-D06F4026C253}.Release|Any CPU.ActiveCfg = Release|Any CPU
		{8D1F7B90-2C05-4ED5-B50A-D06F4026C253}.Release|Any CPU.Build.0 = Release|Any CPU
		{8D1F7B90-2C05-4ED5-B50A-D06F4026C253}.Release|x64.ActiveCfg = Release|Any CPU
		{8D1F7B90-2C05-4ED5-B50A-D06F4026C253}.Release|x64.Build.0 = Release|Any CPU
		{8D1F7B90-2C05-4ED5-B50A-D06F4026C253}.Release|x86.ActiveCfg = Release|Any CPU
		{8D1F7B90-2C05-4ED5-B50A-D06F4026C253}.Release|x86.Build.0 = Release|Any CPU
		{90F13B8D-1DBC-43D7-97CD-3C859C03A0F5}.Debug|Any CPU.ActiveCfg = Debug|Any CPU
		{90F13B8D-1DBC-43D7-97CD-3C859C03A0F5}.Debug|Any CPU.Build.0 = Debug|Any CPU
		{90F13B8D-1DBC-43D7-97CD-3C859C03A0F5}.Debug|x64.ActiveCfg = Debug|Any CPU
		{90F13B8D-1DBC-43D7-97CD-3C859C03A0F5}.Debug|x64.Build.0 = Debug|Any CPU
		{90F13B8D-1DBC-43D7-97CD-3C859C03A0F5}.Debug|x86.ActiveCfg = Debug|Any CPU
		{90F13B8D-1DBC-43D7-97CD-3C859C03A0F5}.Debug|x86.Build.0 = Debug|Any CPU
		{90F13B8D-1DBC-43D7-97CD-3C859C03A0F5}.Release|Any CPU.ActiveCfg = Release|Any CPU
		{90F13B8D-1DBC-43D7-97CD-3C859C03A0F5}.Release|Any CPU.Build.0 = Release|Any CPU
		{90F13B8D-1DBC-43D7-97CD-3C859C03A0F5}.Release|x64.ActiveCfg = Release|Any CPU
		{90F13B8D-1DBC-43D7-97CD-3C859C03A0F5}.Release|x64.Build.0 = Release|Any CPU
		{90F13B8D-1DBC-43D7-97CD-3C859C03A0F5}.Release|x86.ActiveCfg = Release|Any CPU
		{90F13B8D-1DBC-43D7-97CD-3C859C03A0F5}.Release|x86.Build.0 = Release|Any CPU
		{B4B07514-F3FF-4BA5-BD57-7B0CA322C289}.Debug|Any CPU.ActiveCfg = Debug|Any CPU
		{B4B07514-F3FF-4BA5-BD57-7B0CA322C289}.Debug|Any CPU.Build.0 = Debug|Any CPU
		{B4B07514-F3FF-4BA5-BD57-7B0CA322C289}.Debug|x64.ActiveCfg = Debug|Any CPU
		{B4B07514-F3FF-4BA5-BD57-7B0CA322C289}.Debug|x64.Build.0 = Debug|Any CPU
		{B4B07514-F3FF-4BA5-BD57-7B0CA322C289}.Debug|x86.ActiveCfg = Debug|Any CPU
		{B4B07514-F3FF-4BA5-BD57-7B0CA322C289}.Debug|x86.Build.0 = Debug|Any CPU
		{B4B07514-F3FF-4BA5-BD57-7B0CA322C289}.Release|Any CPU.ActiveCfg = Release|Any CPU
		{B4B07514-F3FF-4BA5-BD57-7B0CA322C289}.Release|Any CPU.Build.0 = Release|Any CPU
		{B4B07514-F3FF-4BA5-BD57-7B0CA322C289}.Release|x64.ActiveCfg = Release|Any CPU
		{B4B07514-F3FF-4BA5-BD57-7B0CA322C289}.Release|x64.Build.0 = Release|Any CPU
		{B4B07514-F3FF-4BA5-BD57-7B0CA322C289}.Release|x86.ActiveCfg = Release|Any CPU
		{B4B07514-F3FF-4BA5-BD57-7B0CA322C289}.Release|x86.Build.0 = Release|Any CPU
		{65E4FA12-4144-4090-9FA2-5DB113ADFFC5}.Debug|Any CPU.ActiveCfg = Debug|Any CPU
		{65E4FA12-4144-4090-9FA2-5DB113ADFFC5}.Debug|Any CPU.Build.0 = Debug|Any CPU
		{65E4FA12-4144-4090-9FA2-5DB113ADFFC5}.Debug|x64.ActiveCfg = Debug|Any CPU
		{65E4FA12-4144-4090-9FA2-5DB113ADFFC5}.Debug|x64.Build.0 = Debug|Any CPU
		{65E4FA12-4144-4090-9FA2-5DB113ADFFC5}.Debug|x86.ActiveCfg = Debug|Any CPU
		{65E4FA12-4144-4090-9FA2-5DB113ADFFC5}.Debug|x86.Build.0 = Debug|Any CPU
		{65E4FA12-4144-4090-9FA2-5DB113ADFFC5}.Release|Any CPU.ActiveCfg = Release|Any CPU
		{65E4FA12-4144-4090-9FA2-5DB113ADFFC5}.Release|Any CPU.Build.0 = Release|Any CPU
		{65E4FA12-4144-4090-9FA2-5DB113ADFFC5}.Release|x64.ActiveCfg = Release|Any CPU
		{65E4FA12-4144-4090-9FA2-5DB113ADFFC5}.Release|x64.Build.0 = Release|Any CPU
		{65E4FA12-4144-4090-9FA2-5DB113ADFFC5}.Release|x86.ActiveCfg = Release|Any CPU
		{65E4FA12-4144-4090-9FA2-5DB113ADFFC5}.Release|x86.Build.0 = Release|Any CPU
		{AEFE31DC-C8A0-4451-AC76-988683E115F5}.Debug|Any CPU.ActiveCfg = Debug|Any CPU
		{AEFE31DC-C8A0-4451-AC76-988683E115F5}.Debug|Any CPU.Build.0 = Debug|Any CPU
		{AEFE31DC-C8A0-4451-AC76-988683E115F5}.Debug|x64.ActiveCfg = Debug|Any CPU
		{AEFE31DC-C8A0-4451-AC76-988683E115F5}.Debug|x64.Build.0 = Debug|Any CPU
		{AEFE31DC-C8A0-4451-AC76-988683E115F5}.Debug|x86.ActiveCfg = Debug|Any CPU
		{AEFE31DC-C8A0-4451-AC76-988683E115F5}.Debug|x86.Build.0 = Debug|Any CPU
		{AEFE31DC-C8A0-4451-AC76-988683E115F5}.Release|Any CPU.ActiveCfg = Release|Any CPU
		{AEFE31DC-C8A0-4451-AC76-988683E115F5}.Release|Any CPU.Build.0 = Release|Any CPU
		{AEFE31DC-C8A0-4451-AC76-988683E115F5}.Release|x64.ActiveCfg = Release|Any CPU
		{AEFE31DC-C8A0-4451-AC76-988683E115F5}.Release|x64.Build.0 = Release|Any CPU
		{AEFE31DC-C8A0-4451-AC76-988683E115F5}.Release|x86.ActiveCfg = Release|Any CPU
		{AEFE31DC-C8A0-4451-AC76-988683E115F5}.Release|x86.Build.0 = Release|Any CPU
		{9DD7C325-31D6-45A6-8F86-F3D251ED6EBB}.Debug|Any CPU.ActiveCfg = Debug|Any CPU
		{9DD7C325-31D6-45A6-8F86-F3D251ED6EBB}.Debug|Any CPU.Build.0 = Debug|Any CPU
		{9DD7C325-31D6-45A6-8F86-F3D251ED6EBB}.Debug|x64.ActiveCfg = Debug|Any CPU
		{9DD7C325-31D6-45A6-8F86-F3D251ED6EBB}.Debug|x64.Build.0 = Debug|Any CPU
		{9DD7C325-31D6-45A6-8F86-F3D251ED6EBB}.Debug|x86.ActiveCfg = Debug|Any CPU
		{9DD7C325-31D6-45A6-8F86-F3D251ED6EBB}.Debug|x86.Build.0 = Debug|Any CPU
		{9DD7C325-31D6-45A6-8F86-F3D251ED6EBB}.Release|Any CPU.ActiveCfg = Release|Any CPU
		{9DD7C325-31D6-45A6-8F86-F3D251ED6EBB}.Release|Any CPU.Build.0 = Release|Any CPU
		{9DD7C325-31D6-45A6-8F86-F3D251ED6EBB}.Release|x64.ActiveCfg = Release|Any CPU
		{9DD7C325-31D6-45A6-8F86-F3D251ED6EBB}.Release|x64.Build.0 = Release|Any CPU
		{9DD7C325-31D6-45A6-8F86-F3D251ED6EBB}.Release|x86.ActiveCfg = Release|Any CPU
		{9DD7C325-31D6-45A6-8F86-F3D251ED6EBB}.Release|x86.Build.0 = Release|Any CPU
		{B5887E57-F006-4DAC-88E0-107EA005A59E}.Debug|Any CPU.ActiveCfg = Debug|Any CPU
		{B5887E57-F006-4DAC-88E0-107EA005A59E}.Debug|Any CPU.Build.0 = Debug|Any CPU
		{B5887E57-F006-4DAC-88E0-107EA005A59E}.Debug|x64.ActiveCfg = Debug|Any CPU
		{B5887E57-F006-4DAC-88E0-107EA005A59E}.Debug|x64.Build.0 = Debug|Any CPU
		{B5887E57-F006-4DAC-88E0-107EA005A59E}.Debug|x86.ActiveCfg = Debug|Any CPU
		{B5887E57-F006-4DAC-88E0-107EA005A59E}.Debug|x86.Build.0 = Debug|Any CPU
		{B5887E57-F006-4DAC-88E0-107EA005A59E}.Release|Any CPU.ActiveCfg = Release|Any CPU
		{B5887E57-F006-4DAC-88E0-107EA005A59E}.Release|Any CPU.Build.0 = Release|Any CPU
		{B5887E57-F006-4DAC-88E0-107EA005A59E}.Release|x64.ActiveCfg = Release|Any CPU
		{B5887E57-F006-4DAC-88E0-107EA005A59E}.Release|x64.Build.0 = Release|Any CPU
		{B5887E57-F006-4DAC-88E0-107EA005A59E}.Release|x86.ActiveCfg = Release|Any CPU
		{B5887E57-F006-4DAC-88E0-107EA005A59E}.Release|x86.Build.0 = Release|Any CPU
		{90847F0D-0077-46A9-93C2-468C57335AA6}.Debug|Any CPU.ActiveCfg = Debug|Any CPU
		{90847F0D-0077-46A9-93C2-468C57335AA6}.Debug|Any CPU.Build.0 = Debug|Any CPU
		{90847F0D-0077-46A9-93C2-468C57335AA6}.Debug|x64.ActiveCfg = Debug|Any CPU
		{90847F0D-0077-46A9-93C2-468C57335AA6}.Debug|x64.Build.0 = Debug|Any CPU
		{90847F0D-0077-46A9-93C2-468C57335AA6}.Debug|x86.ActiveCfg = Debug|Any CPU
		{90847F0D-0077-46A9-93C2-468C57335AA6}.Debug|x86.Build.0 = Debug|Any CPU
		{90847F0D-0077-46A9-93C2-468C57335AA6}.Release|Any CPU.ActiveCfg = Release|Any CPU
		{90847F0D-0077-46A9-93C2-468C57335AA6}.Release|Any CPU.Build.0 = Release|Any CPU
		{90847F0D-0077-46A9-93C2-468C57335AA6}.Release|x64.ActiveCfg = Release|Any CPU
		{90847F0D-0077-46A9-93C2-468C57335AA6}.Release|x64.Build.0 = Release|Any CPU
		{90847F0D-0077-46A9-93C2-468C57335AA6}.Release|x86.ActiveCfg = Release|Any CPU
		{90847F0D-0077-46A9-93C2-468C57335AA6}.Release|x86.Build.0 = Release|Any CPU
		{74F30185-9F77-4C74-BDA5-8FC93B13E1A9}.Debug|Any CPU.ActiveCfg = Debug|Any CPU
		{74F30185-9F77-4C74-BDA5-8FC93B13E1A9}.Debug|Any CPU.Build.0 = Debug|Any CPU
		{74F30185-9F77-4C74-BDA5-8FC93B13E1A9}.Debug|x64.ActiveCfg = Debug|Any CPU
		{74F30185-9F77-4C74-BDA5-8FC93B13E1A9}.Debug|x64.Build.0 = Debug|Any CPU
		{74F30185-9F77-4C74-BDA5-8FC93B13E1A9}.Debug|x86.ActiveCfg = Debug|Any CPU
		{74F30185-9F77-4C74-BDA5-8FC93B13E1A9}.Debug|x86.Build.0 = Debug|Any CPU
		{74F30185-9F77-4C74-BDA5-8FC93B13E1A9}.Release|Any CPU.ActiveCfg = Release|Any CPU
		{74F30185-9F77-4C74-BDA5-8FC93B13E1A9}.Release|Any CPU.Build.0 = Release|Any CPU
		{74F30185-9F77-4C74-BDA5-8FC93B13E1A9}.Release|x64.ActiveCfg = Release|Any CPU
		{74F30185-9F77-4C74-BDA5-8FC93B13E1A9}.Release|x64.Build.0 = Release|Any CPU
		{74F30185-9F77-4C74-BDA5-8FC93B13E1A9}.Release|x86.ActiveCfg = Release|Any CPU
		{74F30185-9F77-4C74-BDA5-8FC93B13E1A9}.Release|x86.Build.0 = Release|Any CPU
		{E3A776FA-C173-464A-92D4-446F14A09479}.Debug|Any CPU.ActiveCfg = Debug|Any CPU
		{E3A776FA-C173-464A-92D4-446F14A09479}.Debug|Any CPU.Build.0 = Debug|Any CPU
		{E3A776FA-C173-464A-92D4-446F14A09479}.Debug|x64.ActiveCfg = Debug|Any CPU
		{E3A776FA-C173-464A-92D4-446F14A09479}.Debug|x64.Build.0 = Debug|Any CPU
		{E3A776FA-C173-464A-92D4-446F14A09479}.Debug|x86.ActiveCfg = Debug|Any CPU
		{E3A776FA-C173-464A-92D4-446F14A09479}.Debug|x86.Build.0 = Debug|Any CPU
		{E3A776FA-C173-464A-92D4-446F14A09479}.Release|Any CPU.ActiveCfg = Release|Any CPU
		{E3A776FA-C173-464A-92D4-446F14A09479}.Release|Any CPU.Build.0 = Release|Any CPU
		{E3A776FA-C173-464A-92D4-446F14A09479}.Release|x64.ActiveCfg = Release|Any CPU
		{E3A776FA-C173-464A-92D4-446F14A09479}.Release|x64.Build.0 = Release|Any CPU
		{E3A776FA-C173-464A-92D4-446F14A09479}.Release|x86.ActiveCfg = Release|Any CPU
		{E3A776FA-C173-464A-92D4-446F14A09479}.Release|x86.Build.0 = Release|Any CPU
		{1C1E9EFB-B983-4BD7-B3F4-A7AA2623E9F3}.Debug|Any CPU.ActiveCfg = Debug|Any CPU
		{1C1E9EFB-B983-4BD7-B3F4-A7AA2623E9F3}.Debug|Any CPU.Build.0 = Debug|Any CPU
		{1C1E9EFB-B983-4BD7-B3F4-A7AA2623E9F3}.Debug|x64.ActiveCfg = Debug|Any CPU
		{1C1E9EFB-B983-4BD7-B3F4-A7AA2623E9F3}.Debug|x64.Build.0 = Debug|Any CPU
		{1C1E9EFB-B983-4BD7-B3F4-A7AA2623E9F3}.Debug|x86.ActiveCfg = Debug|Any CPU
		{1C1E9EFB-B983-4BD7-B3F4-A7AA2623E9F3}.Debug|x86.Build.0 = Debug|Any CPU
		{1C1E9EFB-B983-4BD7-B3F4-A7AA2623E9F3}.Release|Any CPU.ActiveCfg = Release|Any CPU
		{1C1E9EFB-B983-4BD7-B3F4-A7AA2623E9F3}.Release|Any CPU.Build.0 = Release|Any CPU
		{1C1E9EFB-B983-4BD7-B3F4-A7AA2623E9F3}.Release|x64.ActiveCfg = Release|Any CPU
		{1C1E9EFB-B983-4BD7-B3F4-A7AA2623E9F3}.Release|x64.Build.0 = Release|Any CPU
		{1C1E9EFB-B983-4BD7-B3F4-A7AA2623E9F3}.Release|x86.ActiveCfg = Release|Any CPU
		{1C1E9EFB-B983-4BD7-B3F4-A7AA2623E9F3}.Release|x86.Build.0 = Release|Any CPU
		{287C9A3A-5A48-4AD5-BF49-BA61A10BA4B4}.Debug|Any CPU.ActiveCfg = Debug|Any CPU
		{287C9A3A-5A48-4AD5-BF49-BA61A10BA4B4}.Debug|Any CPU.Build.0 = Debug|Any CPU
		{287C9A3A-5A48-4AD5-BF49-BA61A10BA4B4}.Debug|x64.ActiveCfg = Debug|Any CPU
		{287C9A3A-5A48-4AD5-BF49-BA61A10BA4B4}.Debug|x64.Build.0 = Debug|Any CPU
		{287C9A3A-5A48-4AD5-BF49-BA61A10BA4B4}.Debug|x86.ActiveCfg = Debug|Any CPU
		{287C9A3A-5A48-4AD5-BF49-BA61A10BA4B4}.Debug|x86.Build.0 = Debug|Any CPU
		{287C9A3A-5A48-4AD5-BF49-BA61A10BA4B4}.Release|Any CPU.ActiveCfg = Release|Any CPU
		{287C9A3A-5A48-4AD5-BF49-BA61A10BA4B4}.Release|Any CPU.Build.0 = Release|Any CPU
		{287C9A3A-5A48-4AD5-BF49-BA61A10BA4B4}.Release|x64.ActiveCfg = Release|Any CPU
		{287C9A3A-5A48-4AD5-BF49-BA61A10BA4B4}.Release|x64.Build.0 = Release|Any CPU
		{287C9A3A-5A48-4AD5-BF49-BA61A10BA4B4}.Release|x86.ActiveCfg = Release|Any CPU
		{287C9A3A-5A48-4AD5-BF49-BA61A10BA4B4}.Release|x86.Build.0 = Release|Any CPU
		{C97F5C15-61F1-468B-AA57-7CA08D6333CB}.Debug|Any CPU.ActiveCfg = Debug|Any CPU
		{C97F5C15-61F1-468B-AA57-7CA08D6333CB}.Debug|Any CPU.Build.0 = Debug|Any CPU
		{C97F5C15-61F1-468B-AA57-7CA08D6333CB}.Debug|x64.ActiveCfg = Debug|Any CPU
		{C97F5C15-61F1-468B-AA57-7CA08D6333CB}.Debug|x64.Build.0 = Debug|Any CPU
		{C97F5C15-61F1-468B-AA57-7CA08D6333CB}.Debug|x86.ActiveCfg = Debug|Any CPU
		{C97F5C15-61F1-468B-AA57-7CA08D6333CB}.Debug|x86.Build.0 = Debug|Any CPU
		{C97F5C15-61F1-468B-AA57-7CA08D6333CB}.Release|Any CPU.ActiveCfg = Release|Any CPU
		{C97F5C15-61F1-468B-AA57-7CA08D6333CB}.Release|Any CPU.Build.0 = Release|Any CPU
		{C97F5C15-61F1-468B-AA57-7CA08D6333CB}.Release|x64.ActiveCfg = Release|Any CPU
		{C97F5C15-61F1-468B-AA57-7CA08D6333CB}.Release|x64.Build.0 = Release|Any CPU
		{C97F5C15-61F1-468B-AA57-7CA08D6333CB}.Release|x86.ActiveCfg = Release|Any CPU
		{C97F5C15-61F1-468B-AA57-7CA08D6333CB}.Release|x86.Build.0 = Release|Any CPU
		{61887638-A322-402A-8DA3-CD91E838107C}.Debug|Any CPU.ActiveCfg = Debug|Any CPU
		{61887638-A322-402A-8DA3-CD91E838107C}.Debug|Any CPU.Build.0 = Debug|Any CPU
		{61887638-A322-402A-8DA3-CD91E838107C}.Debug|x64.ActiveCfg = Debug|Any CPU
		{61887638-A322-402A-8DA3-CD91E838107C}.Debug|x64.Build.0 = Debug|Any CPU
		{61887638-A322-402A-8DA3-CD91E838107C}.Debug|x86.ActiveCfg = Debug|Any CPU
		{61887638-A322-402A-8DA3-CD91E838107C}.Debug|x86.Build.0 = Debug|Any CPU
		{61887638-A322-402A-8DA3-CD91E838107C}.Release|Any CPU.ActiveCfg = Release|Any CPU
		{61887638-A322-402A-8DA3-CD91E838107C}.Release|Any CPU.Build.0 = Release|Any CPU
		{61887638-A322-402A-8DA3-CD91E838107C}.Release|x64.ActiveCfg = Release|Any CPU
		{61887638-A322-402A-8DA3-CD91E838107C}.Release|x64.Build.0 = Release|Any CPU
		{61887638-A322-402A-8DA3-CD91E838107C}.Release|x86.ActiveCfg = Release|Any CPU
		{61887638-A322-402A-8DA3-CD91E838107C}.Release|x86.Build.0 = Release|Any CPU
		{674B1E84-9822-4A00-A45B-40941483A372}.Debug|Any CPU.ActiveCfg = Debug|Any CPU
		{674B1E84-9822-4A00-A45B-40941483A372}.Debug|Any CPU.Build.0 = Debug|Any CPU
		{674B1E84-9822-4A00-A45B-40941483A372}.Debug|x64.ActiveCfg = Debug|Any CPU
		{674B1E84-9822-4A00-A45B-40941483A372}.Debug|x64.Build.0 = Debug|Any CPU
		{674B1E84-9822-4A00-A45B-40941483A372}.Debug|x86.ActiveCfg = Debug|Any CPU
		{674B1E84-9822-4A00-A45B-40941483A372}.Debug|x86.Build.0 = Debug|Any CPU
		{674B1E84-9822-4A00-A45B-40941483A372}.Release|Any CPU.ActiveCfg = Release|Any CPU
		{674B1E84-9822-4A00-A45B-40941483A372}.Release|Any CPU.Build.0 = Release|Any CPU
		{674B1E84-9822-4A00-A45B-40941483A372}.Release|x64.ActiveCfg = Release|Any CPU
		{674B1E84-9822-4A00-A45B-40941483A372}.Release|x64.Build.0 = Release|Any CPU
		{674B1E84-9822-4A00-A45B-40941483A372}.Release|x86.ActiveCfg = Release|Any CPU
		{674B1E84-9822-4A00-A45B-40941483A372}.Release|x86.Build.0 = Release|Any CPU
		{6C809B9C-8A45-48B1-A1F8-334A1E05D30C}.Debug|Any CPU.ActiveCfg = Debug|Any CPU
		{6C809B9C-8A45-48B1-A1F8-334A1E05D30C}.Debug|Any CPU.Build.0 = Debug|Any CPU
		{6C809B9C-8A45-48B1-A1F8-334A1E05D30C}.Debug|x64.ActiveCfg = Debug|Any CPU
		{6C809B9C-8A45-48B1-A1F8-334A1E05D30C}.Debug|x64.Build.0 = Debug|Any CPU
		{6C809B9C-8A45-48B1-A1F8-334A1E05D30C}.Debug|x86.ActiveCfg = Debug|Any CPU
		{6C809B9C-8A45-48B1-A1F8-334A1E05D30C}.Debug|x86.Build.0 = Debug|Any CPU
		{6C809B9C-8A45-48B1-A1F8-334A1E05D30C}.Release|Any CPU.ActiveCfg = Release|Any CPU
		{6C809B9C-8A45-48B1-A1F8-334A1E05D30C}.Release|Any CPU.Build.0 = Release|Any CPU
		{6C809B9C-8A45-48B1-A1F8-334A1E05D30C}.Release|x64.ActiveCfg = Release|Any CPU
		{6C809B9C-8A45-48B1-A1F8-334A1E05D30C}.Release|x64.Build.0 = Release|Any CPU
		{6C809B9C-8A45-48B1-A1F8-334A1E05D30C}.Release|x86.ActiveCfg = Release|Any CPU
		{6C809B9C-8A45-48B1-A1F8-334A1E05D30C}.Release|x86.Build.0 = Release|Any CPU
		{473EE3F0-995B-4ED6-9F2B-AA74D1E20451}.Debug|Any CPU.ActiveCfg = Debug|Any CPU
		{473EE3F0-995B-4ED6-9F2B-AA74D1E20451}.Debug|Any CPU.Build.0 = Debug|Any CPU
		{473EE3F0-995B-4ED6-9F2B-AA74D1E20451}.Debug|x64.ActiveCfg = Debug|Any CPU
		{473EE3F0-995B-4ED6-9F2B-AA74D1E20451}.Debug|x64.Build.0 = Debug|Any CPU
		{473EE3F0-995B-4ED6-9F2B-AA74D1E20451}.Debug|x86.ActiveCfg = Debug|Any CPU
		{473EE3F0-995B-4ED6-9F2B-AA74D1E20451}.Debug|x86.Build.0 = Debug|Any CPU
		{473EE3F0-995B-4ED6-9F2B-AA74D1E20451}.Release|Any CPU.ActiveCfg = Release|Any CPU
		{473EE3F0-995B-4ED6-9F2B-AA74D1E20451}.Release|Any CPU.Build.0 = Release|Any CPU
		{473EE3F0-995B-4ED6-9F2B-AA74D1E20451}.Release|x64.ActiveCfg = Release|Any CPU
		{473EE3F0-995B-4ED6-9F2B-AA74D1E20451}.Release|x64.Build.0 = Release|Any CPU
		{473EE3F0-995B-4ED6-9F2B-AA74D1E20451}.Release|x86.ActiveCfg = Release|Any CPU
		{473EE3F0-995B-4ED6-9F2B-AA74D1E20451}.Release|x86.Build.0 = Release|Any CPU
		{300BDEC0-AC79-40EF-B494-BDF4888A03D5}.Debug|Any CPU.ActiveCfg = Debug|Any CPU
		{300BDEC0-AC79-40EF-B494-BDF4888A03D5}.Debug|Any CPU.Build.0 = Debug|Any CPU
		{300BDEC0-AC79-40EF-B494-BDF4888A03D5}.Debug|x64.ActiveCfg = Debug|Any CPU
		{300BDEC0-AC79-40EF-B494-BDF4888A03D5}.Debug|x64.Build.0 = Debug|Any CPU
		{300BDEC0-AC79-40EF-B494-BDF4888A03D5}.Debug|x86.ActiveCfg = Debug|Any CPU
		{300BDEC0-AC79-40EF-B494-BDF4888A03D5}.Debug|x86.Build.0 = Debug|Any CPU
		{300BDEC0-AC79-40EF-B494-BDF4888A03D5}.Release|Any CPU.ActiveCfg = Release|Any CPU
		{300BDEC0-AC79-40EF-B494-BDF4888A03D5}.Release|Any CPU.Build.0 = Release|Any CPU
		{300BDEC0-AC79-40EF-B494-BDF4888A03D5}.Release|x64.ActiveCfg = Release|Any CPU
		{300BDEC0-AC79-40EF-B494-BDF4888A03D5}.Release|x64.Build.0 = Release|Any CPU
		{300BDEC0-AC79-40EF-B494-BDF4888A03D5}.Release|x86.ActiveCfg = Release|Any CPU
		{300BDEC0-AC79-40EF-B494-BDF4888A03D5}.Release|x86.Build.0 = Release|Any CPU
		{4D5F8311-97A6-455B-AC40-CD7B8ACFE9E3}.Debug|Any CPU.ActiveCfg = Debug|Any CPU
		{4D5F8311-97A6-455B-AC40-CD7B8ACFE9E3}.Debug|Any CPU.Build.0 = Debug|Any CPU
		{4D5F8311-97A6-455B-AC40-CD7B8ACFE9E3}.Debug|x64.ActiveCfg = Debug|Any CPU
		{4D5F8311-97A6-455B-AC40-CD7B8ACFE9E3}.Debug|x64.Build.0 = Debug|Any CPU
		{4D5F8311-97A6-455B-AC40-CD7B8ACFE9E3}.Debug|x86.ActiveCfg = Debug|Any CPU
		{4D5F8311-97A6-455B-AC40-CD7B8ACFE9E3}.Debug|x86.Build.0 = Debug|Any CPU
		{4D5F8311-97A6-455B-AC40-CD7B8ACFE9E3}.Release|Any CPU.ActiveCfg = Release|Any CPU
		{4D5F8311-97A6-455B-AC40-CD7B8ACFE9E3}.Release|Any CPU.Build.0 = Release|Any CPU
		{4D5F8311-97A6-455B-AC40-CD7B8ACFE9E3}.Release|x64.ActiveCfg = Release|Any CPU
		{4D5F8311-97A6-455B-AC40-CD7B8ACFE9E3}.Release|x64.Build.0 = Release|Any CPU
		{4D5F8311-97A6-455B-AC40-CD7B8ACFE9E3}.Release|x86.ActiveCfg = Release|Any CPU
		{4D5F8311-97A6-455B-AC40-CD7B8ACFE9E3}.Release|x86.Build.0 = Release|Any CPU
		{F020D1D2-3315-4AF5-8F79-0AC775DE4781}.Debug|Any CPU.ActiveCfg = Debug|Any CPU
		{F020D1D2-3315-4AF5-8F79-0AC775DE4781}.Debug|Any CPU.Build.0 = Debug|Any CPU
		{F020D1D2-3315-4AF5-8F79-0AC775DE4781}.Debug|x64.ActiveCfg = Debug|Any CPU
		{F020D1D2-3315-4AF5-8F79-0AC775DE4781}.Debug|x64.Build.0 = Debug|Any CPU
		{F020D1D2-3315-4AF5-8F79-0AC775DE4781}.Debug|x86.ActiveCfg = Debug|Any CPU
		{F020D1D2-3315-4AF5-8F79-0AC775DE4781}.Debug|x86.Build.0 = Debug|Any CPU
		{F020D1D2-3315-4AF5-8F79-0AC775DE4781}.Release|Any CPU.ActiveCfg = Release|Any CPU
		{F020D1D2-3315-4AF5-8F79-0AC775DE4781}.Release|Any CPU.Build.0 = Release|Any CPU
		{F020D1D2-3315-4AF5-8F79-0AC775DE4781}.Release|x64.ActiveCfg = Release|Any CPU
		{F020D1D2-3315-4AF5-8F79-0AC775DE4781}.Release|x64.Build.0 = Release|Any CPU
		{F020D1D2-3315-4AF5-8F79-0AC775DE4781}.Release|x86.ActiveCfg = Release|Any CPU
		{F020D1D2-3315-4AF5-8F79-0AC775DE4781}.Release|x86.Build.0 = Release|Any CPU
		{316EE096-A85D-442A-80EA-0EFC3CDB2895}.Debug|Any CPU.ActiveCfg = Debug|Any CPU
		{316EE096-A85D-442A-80EA-0EFC3CDB2895}.Debug|Any CPU.Build.0 = Debug|Any CPU
		{316EE096-A85D-442A-80EA-0EFC3CDB2895}.Debug|x64.ActiveCfg = Debug|Any CPU
		{316EE096-A85D-442A-80EA-0EFC3CDB2895}.Debug|x64.Build.0 = Debug|Any CPU
		{316EE096-A85D-442A-80EA-0EFC3CDB2895}.Debug|x86.ActiveCfg = Debug|Any CPU
		{316EE096-A85D-442A-80EA-0EFC3CDB2895}.Debug|x86.Build.0 = Debug|Any CPU
		{316EE096-A85D-442A-80EA-0EFC3CDB2895}.Release|Any CPU.ActiveCfg = Release|Any CPU
		{316EE096-A85D-442A-80EA-0EFC3CDB2895}.Release|Any CPU.Build.0 = Release|Any CPU
		{316EE096-A85D-442A-80EA-0EFC3CDB2895}.Release|x64.ActiveCfg = Release|Any CPU
		{316EE096-A85D-442A-80EA-0EFC3CDB2895}.Release|x64.Build.0 = Release|Any CPU
		{316EE096-A85D-442A-80EA-0EFC3CDB2895}.Release|x86.ActiveCfg = Release|Any CPU
		{316EE096-A85D-442A-80EA-0EFC3CDB2895}.Release|x86.Build.0 = Release|Any CPU
		{32C1641F-801A-4DEE-9B89-DD3ED7DC9989}.Debug|Any CPU.ActiveCfg = Debug|Any CPU
		{32C1641F-801A-4DEE-9B89-DD3ED7DC9989}.Debug|Any CPU.Build.0 = Debug|Any CPU
		{32C1641F-801A-4DEE-9B89-DD3ED7DC9989}.Debug|x64.ActiveCfg = Debug|Any CPU
		{32C1641F-801A-4DEE-9B89-DD3ED7DC9989}.Debug|x64.Build.0 = Debug|Any CPU
		{32C1641F-801A-4DEE-9B89-DD3ED7DC9989}.Debug|x86.ActiveCfg = Debug|Any CPU
		{32C1641F-801A-4DEE-9B89-DD3ED7DC9989}.Debug|x86.Build.0 = Debug|Any CPU
		{32C1641F-801A-4DEE-9B89-DD3ED7DC9989}.Release|Any CPU.ActiveCfg = Release|Any CPU
		{32C1641F-801A-4DEE-9B89-DD3ED7DC9989}.Release|Any CPU.Build.0 = Release|Any CPU
		{32C1641F-801A-4DEE-9B89-DD3ED7DC9989}.Release|x64.ActiveCfg = Release|Any CPU
		{32C1641F-801A-4DEE-9B89-DD3ED7DC9989}.Release|x64.Build.0 = Release|Any CPU
		{32C1641F-801A-4DEE-9B89-DD3ED7DC9989}.Release|x86.ActiveCfg = Release|Any CPU
		{32C1641F-801A-4DEE-9B89-DD3ED7DC9989}.Release|x86.Build.0 = Release|Any CPU
		{D360461C-0F9D-4AA0-907B-93561BCEEF8B}.Debug|Any CPU.ActiveCfg = Debug|Any CPU
		{D360461C-0F9D-4AA0-907B-93561BCEEF8B}.Debug|Any CPU.Build.0 = Debug|Any CPU
		{D360461C-0F9D-4AA0-907B-93561BCEEF8B}.Debug|x64.ActiveCfg = Debug|Any CPU
		{D360461C-0F9D-4AA0-907B-93561BCEEF8B}.Debug|x64.Build.0 = Debug|Any CPU
		{D360461C-0F9D-4AA0-907B-93561BCEEF8B}.Debug|x86.ActiveCfg = Debug|Any CPU
		{D360461C-0F9D-4AA0-907B-93561BCEEF8B}.Debug|x86.Build.0 = Debug|Any CPU
		{D360461C-0F9D-4AA0-907B-93561BCEEF8B}.Release|Any CPU.ActiveCfg = Release|Any CPU
		{D360461C-0F9D-4AA0-907B-93561BCEEF8B}.Release|Any CPU.Build.0 = Release|Any CPU
		{D360461C-0F9D-4AA0-907B-93561BCEEF8B}.Release|x64.ActiveCfg = Release|Any CPU
		{D360461C-0F9D-4AA0-907B-93561BCEEF8B}.Release|x64.Build.0 = Release|Any CPU
		{D360461C-0F9D-4AA0-907B-93561BCEEF8B}.Release|x86.ActiveCfg = Release|Any CPU
		{D360461C-0F9D-4AA0-907B-93561BCEEF8B}.Release|x86.Build.0 = Release|Any CPU
		{EAD660D5-3ECE-4923-A5B9-A7B513BF56BC}.Debug|Any CPU.ActiveCfg = Debug|Any CPU
		{EAD660D5-3ECE-4923-A5B9-A7B513BF56BC}.Debug|Any CPU.Build.0 = Debug|Any CPU
		{EAD660D5-3ECE-4923-A5B9-A7B513BF56BC}.Debug|x64.ActiveCfg = Debug|Any CPU
		{EAD660D5-3ECE-4923-A5B9-A7B513BF56BC}.Debug|x64.Build.0 = Debug|Any CPU
		{EAD660D5-3ECE-4923-A5B9-A7B513BF56BC}.Debug|x86.ActiveCfg = Debug|Any CPU
		{EAD660D5-3ECE-4923-A5B9-A7B513BF56BC}.Debug|x86.Build.0 = Debug|Any CPU
		{EAD660D5-3ECE-4923-A5B9-A7B513BF56BC}.Release|Any CPU.ActiveCfg = Release|Any CPU
		{EAD660D5-3ECE-4923-A5B9-A7B513BF56BC}.Release|Any CPU.Build.0 = Release|Any CPU
		{EAD660D5-3ECE-4923-A5B9-A7B513BF56BC}.Release|x64.ActiveCfg = Release|Any CPU
		{EAD660D5-3ECE-4923-A5B9-A7B513BF56BC}.Release|x64.Build.0 = Release|Any CPU
		{EAD660D5-3ECE-4923-A5B9-A7B513BF56BC}.Release|x86.ActiveCfg = Release|Any CPU
		{EAD660D5-3ECE-4923-A5B9-A7B513BF56BC}.Release|x86.Build.0 = Release|Any CPU
		{31DB482E-6659-4749-8BDA-B65AE5BE407B}.Debug|Any CPU.ActiveCfg = Debug|Any CPU
		{31DB482E-6659-4749-8BDA-B65AE5BE407B}.Debug|Any CPU.Build.0 = Debug|Any CPU
		{31DB482E-6659-4749-8BDA-B65AE5BE407B}.Debug|x64.ActiveCfg = Debug|Any CPU
		{31DB482E-6659-4749-8BDA-B65AE5BE407B}.Debug|x64.Build.0 = Debug|Any CPU
		{31DB482E-6659-4749-8BDA-B65AE5BE407B}.Debug|x86.ActiveCfg = Debug|Any CPU
		{31DB482E-6659-4749-8BDA-B65AE5BE407B}.Debug|x86.Build.0 = Debug|Any CPU
		{31DB482E-6659-4749-8BDA-B65AE5BE407B}.Release|Any CPU.ActiveCfg = Release|Any CPU
		{31DB482E-6659-4749-8BDA-B65AE5BE407B}.Release|Any CPU.Build.0 = Release|Any CPU
		{31DB482E-6659-4749-8BDA-B65AE5BE407B}.Release|x64.ActiveCfg = Release|Any CPU
		{31DB482E-6659-4749-8BDA-B65AE5BE407B}.Release|x64.Build.0 = Release|Any CPU
		{31DB482E-6659-4749-8BDA-B65AE5BE407B}.Release|x86.ActiveCfg = Release|Any CPU
		{31DB482E-6659-4749-8BDA-B65AE5BE407B}.Release|x86.Build.0 = Release|Any CPU
		{6EC207D2-43E7-4134-B119-5E3DD7E96E7C}.Debug|Any CPU.ActiveCfg = Debug|Any CPU
		{6EC207D2-43E7-4134-B119-5E3DD7E96E7C}.Debug|Any CPU.Build.0 = Debug|Any CPU
		{6EC207D2-43E7-4134-B119-5E3DD7E96E7C}.Debug|x64.ActiveCfg = Debug|Any CPU
		{6EC207D2-43E7-4134-B119-5E3DD7E96E7C}.Debug|x64.Build.0 = Debug|Any CPU
		{6EC207D2-43E7-4134-B119-5E3DD7E96E7C}.Debug|x86.ActiveCfg = Debug|Any CPU
		{6EC207D2-43E7-4134-B119-5E3DD7E96E7C}.Debug|x86.Build.0 = Debug|Any CPU
		{6EC207D2-43E7-4134-B119-5E3DD7E96E7C}.Release|Any CPU.ActiveCfg = Release|Any CPU
		{6EC207D2-43E7-4134-B119-5E3DD7E96E7C}.Release|Any CPU.Build.0 = Release|Any CPU
		{6EC207D2-43E7-4134-B119-5E3DD7E96E7C}.Release|x64.ActiveCfg = Release|Any CPU
		{6EC207D2-43E7-4134-B119-5E3DD7E96E7C}.Release|x64.Build.0 = Release|Any CPU
		{6EC207D2-43E7-4134-B119-5E3DD7E96E7C}.Release|x86.ActiveCfg = Release|Any CPU
		{6EC207D2-43E7-4134-B119-5E3DD7E96E7C}.Release|x86.Build.0 = Release|Any CPU
		{DBAA0F37-ABD6-49DF-9EFB-274956154968}.Debug|Any CPU.ActiveCfg = Debug|x64
		{DBAA0F37-ABD6-49DF-9EFB-274956154968}.Debug|Any CPU.Build.0 = Debug|x64
		{DBAA0F37-ABD6-49DF-9EFB-274956154968}.Debug|x64.ActiveCfg = Debug|x64
		{DBAA0F37-ABD6-49DF-9EFB-274956154968}.Debug|x64.Build.0 = Debug|x64
		{DBAA0F37-ABD6-49DF-9EFB-274956154968}.Debug|x86.ActiveCfg = Debug|x86
		{DBAA0F37-ABD6-49DF-9EFB-274956154968}.Debug|x86.Build.0 = Debug|x86
		{DBAA0F37-ABD6-49DF-9EFB-274956154968}.Release|Any CPU.ActiveCfg = Release|x64
		{DBAA0F37-ABD6-49DF-9EFB-274956154968}.Release|Any CPU.Build.0 = Release|x64
		{DBAA0F37-ABD6-49DF-9EFB-274956154968}.Release|x64.ActiveCfg = Release|x64
		{DBAA0F37-ABD6-49DF-9EFB-274956154968}.Release|x64.Build.0 = Release|x64
		{DBAA0F37-ABD6-49DF-9EFB-274956154968}.Release|x86.ActiveCfg = Release|x86
		{DBAA0F37-ABD6-49DF-9EFB-274956154968}.Release|x86.Build.0 = Release|x86
	EndGlobalSection
	GlobalSection(SolutionProperties) = preSolution
		HideSolutionNode = FALSE
	EndGlobalSection
	GlobalSection(NestedProjects) = preSolution
		{568E2400-ADF1-47A8-8575-4DB7907F54BD} = {827E0CD3-B72D-47B6-A68D-7590B98EB39B}
		{09A99DBB-CAFB-4F94-BEFB-E150E92E120D} = {827E0CD3-B72D-47B6-A68D-7590B98EB39B}
		{778E4DA3-4664-49DA-BBF9-4B7E4023A082} = {827E0CD3-B72D-47B6-A68D-7590B98EB39B}
		{BA77B056-4F85-4507-925F-29EAB3C032EF} = {827E0CD3-B72D-47B6-A68D-7590B98EB39B}
		{1468E079-CAC6-41A4-8087-AF44F50D2625} = {0AB3BF05-4346-4AA6-1389-037BE0695223}
		{9A86C271-0490-40D7-8DF2-4390072D0E0D} = {0AB3BF05-4346-4AA6-1389-037BE0695223}
		{3C4D4B74-813D-45A7-BBC3-2D3BA37122F0} = {0AB3BF05-4346-4AA6-1389-037BE0695223}
		{48A6EF48-A6D8-4E30-BDF5-684789986692} = {0AB3BF05-4346-4AA6-1389-037BE0695223}
		{D875AA87-CBCD-4DDA-A052-1FDDF0A6FC87} = {5D20AA90-6969-D8BD-9DCD-8634F4692FDA}
		{3F8C4DB7-72FD-48B0-BF06-3C1F0DE65078} = {5D20AA90-6969-D8BD-9DCD-8634F4692FDA}
		{151A36B4-3894-46AE-9D4D-4F69C33BEE04} = {5D20AA90-6969-D8BD-9DCD-8634F4692FDA}
		{53223E74-ACD4-44B7-A66B-90FDA0A5B8ED} = {5D20AA90-6969-D8BD-9DCD-8634F4692FDA}
		{422303E4-1BAB-4CE3-96E5-E7B645AF796B} = {5D20AA90-6969-D8BD-9DCD-8634F4692FDA}
		{DC386387-1512-41B8-B25F-E863CF6BFA5B} = {568E2400-ADF1-47A8-8575-4DB7907F54BD}
		{E57388F4-F285-47EF-86F0-0D6940C16A87} = {09A99DBB-CAFB-4F94-BEFB-E150E92E120D}
		{A3B12DA7-4E50-46EF-AB59-0AA91E2B7F31} = {09A99DBB-CAFB-4F94-BEFB-E150E92E120D}
		{CEF1E7C8-0DD2-483B-BE76-76B5F742FD18} = {09A99DBB-CAFB-4F94-BEFB-E150E92E120D}
		{D123EDB2-585E-43F0-9299-BAEFE6BC8A7C} = {09A99DBB-CAFB-4F94-BEFB-E150E92E120D}
		{8D1F7B90-2C05-4ED5-B50A-D06F4026C253} = {778E4DA3-4664-49DA-BBF9-4B7E4023A082}
		{90F13B8D-1DBC-43D7-97CD-3C859C03A0F5} = {778E4DA3-4664-49DA-BBF9-4B7E4023A082}
		{B4B07514-F3FF-4BA5-BD57-7B0CA322C289} = {BA77B056-4F85-4507-925F-29EAB3C032EF}
		{5F0A6EA1-11C8-42BB-BF4D-C7D19921E1D0} = {BA77B056-4F85-4507-925F-29EAB3C032EF}
		{65E4FA12-4144-4090-9FA2-5DB113ADFFC5} = {BA77B056-4F85-4507-925F-29EAB3C032EF}
		{32C1641F-801A-4DEE-9B89-DD3ED7DC9989} = {BA77B056-4F85-4507-925F-29EAB3C032EF}
		{31DB482E-6659-4749-8BDA-B65AE5BE407B} = {BA77B056-4F85-4507-925F-29EAB3C032EF}
		{AEFE31DC-C8A0-4451-AC76-988683E115F5} = {1468E079-CAC6-41A4-8087-AF44F50D2625}
		{9DD7C325-31D6-45A6-8F86-F3D251ED6EBB} = {1468E079-CAC6-41A4-8087-AF44F50D2625}
		{B5887E57-F006-4DAC-88E0-107EA005A59E} = {1468E079-CAC6-41A4-8087-AF44F50D2625}
		{674B1E84-9822-4A00-A45B-40941483A372} = {9A86C271-0490-40D7-8DF2-4390072D0E0D}
		{6C809B9C-8A45-48B1-A1F8-334A1E05D30C} = {9A86C271-0490-40D7-8DF2-4390072D0E0D}
		{473EE3F0-995B-4ED6-9F2B-AA74D1E20451} = {9A86C271-0490-40D7-8DF2-4390072D0E0D}
		{300BDEC0-AC79-40EF-B494-BDF4888A03D5} = {9A86C271-0490-40D7-8DF2-4390072D0E0D}
		{1C1E9EFB-B983-4BD7-B3F4-A7AA2623E9F3} = {3C4D4B74-813D-45A7-BBC3-2D3BA37122F0}
		{287C9A3A-5A48-4AD5-BF49-BA61A10BA4B4} = {3C4D4B74-813D-45A7-BBC3-2D3BA37122F0}
		{C97F5C15-61F1-468B-AA57-7CA08D6333CB} = {48A6EF48-A6D8-4E30-BDF5-684789986692}
		{25188E5D-B7C5-42B3-8374-0263B1F1BC3A} = {48A6EF48-A6D8-4E30-BDF5-684789986692}
		{61887638-A322-402A-8DA3-CD91E838107C} = {48A6EF48-A6D8-4E30-BDF5-684789986692}
		{D360461C-0F9D-4AA0-907B-93561BCEEF8B} = {48A6EF48-A6D8-4E30-BDF5-684789986692}
		{6EC207D2-43E7-4134-B119-5E3DD7E96E7C} = {48A6EF48-A6D8-4E30-BDF5-684789986692}
		{4D5F8311-97A6-455B-AC40-CD7B8ACFE9E3} = {D875AA87-CBCD-4DDA-A052-1FDDF0A6FC87}
		{F020D1D2-3315-4AF5-8F79-0AC775DE4781} = {D875AA87-CBCD-4DDA-A052-1FDDF0A6FC87}
		{6B321DC8-913D-4BA7-A4C9-0A05BAFD6934} = {3F8C4DB7-72FD-48B0-BF06-3C1F0DE65078}
		{7EFEA409-91C8-4CDE-AA18-D76FEA606742} = {3F8C4DB7-72FD-48B0-BF06-3C1F0DE65078}
		{316EE096-A85D-442A-80EA-0EFC3CDB2895} = {151A36B4-3894-46AE-9D4D-4F69C33BEE04}
		{EAD660D5-3ECE-4923-A5B9-A7B513BF56BC} = {53223E74-ACD4-44B7-A66B-90FDA0A5B8ED}
		{DBAA0F37-ABD6-49DF-9EFB-274956154968} = {422303E4-1BAB-4CE3-96E5-E7B645AF796B}
		{90847F0D-0077-46A9-93C2-468C57335AA6} = {A5F6C769-4DA4-486B-930B-6CB878C2B6B1}
		{74F30185-9F77-4C74-BDA5-8FC93B13E1A9} = {B9AB4C6D-2A28-4FB4-8C8A-50A8E7D9944E}
		{E3A776FA-C173-464A-92D4-446F14A09479} = {B9AB4C6D-2A28-4FB4-8C8A-50A8E7D9944E}
	EndGlobalSection
EndGlobal
